PODS:
  - Alamofire (3.4.1)
  - Eureka (1.6.0)
  - SwiftyJSON (2.3.2)

DEPENDENCIES:
  - Alamofire (~> 3.4)
  - Eureka
  - SwiftyJSON (~> 2.3)

SPEC CHECKSUMS:
  Alamofire: 01a82e2f6c0f860ade35534c8dd88be61bdef40c
  Eureka: ef5b9ac93aedeecfe50d98b1ac7678bf09a1fc62
  SwiftyJSON: 04ccea08915aa0109039157c7974cf0298da292a

PODFILE CHECKSUM: df40d3fbe67639813ca3bf61c0f648c25a26e670

COCOAPODS: 1.0.1
